{
  "version": 4,
  "terraform_version": "1.3.4",
  "serial": 18,
  "lineage": "d9de85a1-d391-c62b-cfcf-477b5d3fd286",
  "outputs": {
    "IP_jenkins": {
      "value": "164.90.136.134",
      "type": "string"
    }
  },
  "resources": [
    {
      "mode": "data",
      "type": "digitalocean_ssh_key",
      "name": "ssh_key",
      "provider": "provider[\"registry.terraform.io/digitalocean/digitalocean\"]",
      "instances": [
        {
          "schema_version": 0,
          "attributes": {
            "fingerprint": "de:86:27:3c:b9:f7:bc:63:6d:09:f0:b1:ce:fb:10:f9",
            "id": 38059185,
            "name": "Alpine",
            "public_key": "ssh-rsa AAAAB3NzaC1yc2EAAAADAQABAAABAQDFz8lII8mhC5JKykrf88vGENXOv7AsLXmf1fkQ9R4gWw5/ALEXDg0gDyoycdCQXTanzQTC8gz0XeIyfGGWvbESW0Ir5KciMx1mltbS22Qi0rYcr3bZSZMSL1JOPGwCSlkjhCQkrp8F3/N30eeKtY3FOR8NTl6xqpYHT8e3zK3GPMMsyAmOdCiaWh/G3pxzy5ufVRCKYKUkQwJv6pDDBGk9BzQcS9IBSekMEIKHRTEktRK4gfS76P0QCg/N2LwpzBdER+sEYjnlu/FhNPi5/MiFexEJ2Js3raOne3dOkGoo3f1z3N9cnPqkpHvCNoVNDMeD6jYiMsR1Zt0I5cX2l6/z root@vitoria.regia"
          },
          "sensitive_attributes": []
        }
      ]
    },
    {
      "mode": "managed",
      "type": "digitalocean_droplet",
      "name": "jenkins",
      "provider": "provider[\"registry.terraform.io/digitalocean/digitalocean\"]",
      "instances": [
        {
          "schema_version": 1,
          "attributes": {
            "backups": false,
            "created_at": "2023-04-16T14:55:42Z",
            "disk": 60,
            "droplet_agent": null,
            "graceful_shutdown": false,
            "id": "350983378",
            "image": "ubuntu-22-04-x64",
            "ipv4_address": "164.90.136.134",
            "ipv4_address_private": "10.108.0.2",
            "ipv6": false,
            "ipv6_address": "",
            "locked": false,
            "memory": 2048,
            "monitoring": false,
            "name": "jenkins-vm",
            "price_hourly": 0.02679,
            "price_monthly": 18,
            "private_networking": true,
            "region": "nyc3",
            "resize_disk": true,
            "size": "s-2vcpu-2gb",
            "ssh_keys": [
              "38059185"
            ],
            "status": "active",
            "tags": [],
            "timeouts": null,
            "urn": "do:droplet:350983378",
            "user_data": null,
            "vcpus": 2,
            "volume_ids": [],
            "vpc_uuid": "b8f3d415-f0af-4a4f-a2fa-ad5e7394f7ba"
          },
          "sensitive_attributes": [],
          "private": "eyJlMmJmYjczMC1lY2FhLTExZTYtOGY4OC0zNDM2M2JjN2M0YzAiOnsiY3JlYXRlIjozNjAwMDAwMDAwMDAwLCJkZWxldGUiOjYwMDAwMDAwMDAwLCJ1cGRhdGUiOjM2MDAwMDAwMDAwMDB9LCJzY2hlbWFfdmVyc2lvbiI6IjEifQ==",
          "dependencies": [
            "data.digitalocean_ssh_key.ssh_key"
          ]
        }
      ]
    },
    {
      "mode": "managed",
      "type": "digitalocean_kubernetes_cluster",
      "name": "k8s",
      "provider": "provider[\"registry.terraform.io/digitalocean/digitalocean\"]",
      "instances": [
        {
          "schema_version": 3,
          "attributes": {
            "auto_upgrade": false,
            "cluster_subnet": "10.244.0.0/16",
            "created_at": "2023-04-16 14:32:50 +0000 UTC",
            "endpoint": "https://cd49fbb7-23f2-4f97-ab5b-d3e92e321272.k8s.ondigitalocean.com",
            "ha": false,
            "id": "cd49fbb7-23f2-4f97-ab5b-d3e92e321272",
            "ipv4_address": "",
            "kube_config": [
              {
                "client_certificate": "",
                "client_key": "",
                "cluster_ca_certificate": "LS0tLS1CRUdJTiBDRVJUSUZJQ0FURS0tLS0tCk1JSURKekNDQWcrZ0F3SUJBZ0lDQm5Vd0RRWUpLb1pJaHZjTkFRRUxCUUF3TXpFVk1CTUdBMVVFQ2hNTVJHbG4KYVhSaGJFOWpaV0Z1TVJvd0dBWURWUVFERXhGck9ITmhZWE1nUTJ4MWMzUmxjaUJEUVRBZUZ3MHlNekEwTVRZeApORE15TlRGYUZ3MDBNekEwTVRZeE5ETXlOVEZhTURNeEZUQVRCZ05WQkFvVERFUnBaMmwwWVd4UFkyVmhiakVhCk1CZ0dBMVVFQXhNUmF6aHpZV0Z6SUVOc2RYTjBaWElnUTBFd2dnRWlNQTBHQ1NxR1NJYjNEUUVCQVFVQUE0SUIKRHdBd2dnRUtBb0lCQVFEUkpiK0E3VXpEa0owVjVXZUg0VGtMR3BsMHFteTFwWWhJSlQxOXBMT05WcUJ5VU9icwppRElkMWoxMzNneEZNVU1RQnVjOVRyVlVjV2xSV0Q2UWdNT3FFaDBHOGdBWXNLM1didWtua2xrcm1VUVl6ZFB5ClRsSzh1REVYVzJ2TVE0MlJDOUFjZmdQY3I4MlBmK21tMVo5YlZBM3M5VFhwNnFMWlkwcWN5WUNSazFZZkswN2kKL09lVkFjQ1E5aklCRUQ2NngybXVua1pTOHdIMkVPOUszZkphV240QnplNmRqSzJMY0pKSEdvZXF1WnNNR3IxOQpvTnBGdWsxNUlHayt0LzY1UDRhNXNvb2VLazY4cEZLa1VJeVVOd3ZBeVFLWlBTb2pONDlOT014b2M3NUpiS2R4Cm44V0kwaC9PZG1rdmlJQW5VNGhqaDExTWJHd0YwNkpPL2FXdkFnTUJBQUdqUlRCRE1BNEdBMVVkRHdFQi93UUUKQXdJQmhqQVNCZ05WSFJNQkFmOEVDREFHQVFIL0FnRUFNQjBHQTFVZERnUVdCQlF4VHRSdTl0dlM3OWF4Nk1adApOSGpQNm03MFN6QU5CZ2txaGtpRzl3MEJBUXNGQUFPQ0FRRUFmcUlXQjRTSTBBTVdCOHhGOXBDYitJYjVULy9HCnVQc0pacFhWUm9uc2xWUG5MVXY5OEp1eW9rS2lSbTJIeEwwSSswcWszSStqMEVyNk5xZzJFUHBQU05qYkRnUy8KYkI2STZCTWE1VlR5bElvRnp6SEpLRjJ5cGtJaS9qdzhqaFJVWTNaTjdJMlBlYXNobklaQ0FTTlNWWmMvY25IRQpBdHVUNVVibXFYQ21BUkxnT0JKUDdGeGNKcnh6dnQ4Y2hja3gwbkJUdnV6QnNSaXlVVW10OXNEdzMyVlduNnZyCkxOSzRvdVdVMmR3Q2Q1RHZYVm5qSDloc29iTVluMEVycEM1ZlUrUllHTEFyNXJuS1ZqbjdIeFplcUxqUjY2RlIKV2lCUDMvV2xwdGdqNHd4SmRQUmd1N1pnM3NKTUttaStGMTdHTEpyT0wxbTE5NE5BamVRUGlKeVJnUT09Ci0tLS0tRU5EIENFUlRJRklDQVRFLS0tLS0K",
                "expires_at": "2023-04-23T14:37:40Z",
                "host": "https://cd49fbb7-23f2-4f97-ab5b-d3e92e321272.k8s.ondigitalocean.com",
                "raw_config": "apiVersion: v1\nkind: Config\nclusters:\n- cluster:\n    certificate-authority-data: LS0tLS1CRUdJTiBDRVJUSUZJQ0FURS0tLS0tCk1JSURKekNDQWcrZ0F3SUJBZ0lDQm5Vd0RRWUpLb1pJaHZjTkFRRUxCUUF3TXpFVk1CTUdBMVVFQ2hNTVJHbG4KYVhSaGJFOWpaV0Z1TVJvd0dBWURWUVFERXhGck9ITmhZWE1nUTJ4MWMzUmxjaUJEUVRBZUZ3MHlNekEwTVRZeApORE15TlRGYUZ3MDBNekEwTVRZeE5ETXlOVEZhTURNeEZUQVRCZ05WQkFvVERFUnBaMmwwWVd4UFkyVmhiakVhCk1CZ0dBMVVFQXhNUmF6aHpZV0Z6SUVOc2RYTjBaWElnUTBFd2dnRWlNQTBHQ1NxR1NJYjNEUUVCQVFVQUE0SUIKRHdBd2dnRUtBb0lCQVFEUkpiK0E3VXpEa0owVjVXZUg0VGtMR3BsMHFteTFwWWhJSlQxOXBMT05WcUJ5VU9icwppRElkMWoxMzNneEZNVU1RQnVjOVRyVlVjV2xSV0Q2UWdNT3FFaDBHOGdBWXNLM1didWtua2xrcm1VUVl6ZFB5ClRsSzh1REVYVzJ2TVE0MlJDOUFjZmdQY3I4MlBmK21tMVo5YlZBM3M5VFhwNnFMWlkwcWN5WUNSazFZZkswN2kKL09lVkFjQ1E5aklCRUQ2NngybXVua1pTOHdIMkVPOUszZkphV240QnplNmRqSzJMY0pKSEdvZXF1WnNNR3IxOQpvTnBGdWsxNUlHayt0LzY1UDRhNXNvb2VLazY4cEZLa1VJeVVOd3ZBeVFLWlBTb2pONDlOT014b2M3NUpiS2R4Cm44V0kwaC9PZG1rdmlJQW5VNGhqaDExTWJHd0YwNkpPL2FXdkFnTUJBQUdqUlRCRE1BNEdBMVVkRHdFQi93UUUKQXdJQmhqQVNCZ05WSFJNQkFmOEVDREFHQVFIL0FnRUFNQjBHQTFVZERnUVdCQlF4VHRSdTl0dlM3OWF4Nk1adApOSGpQNm03MFN6QU5CZ2txaGtpRzl3MEJBUXNGQUFPQ0FRRUFmcUlXQjRTSTBBTVdCOHhGOXBDYitJYjVULy9HCnVQc0pacFhWUm9uc2xWUG5MVXY5OEp1eW9rS2lSbTJIeEwwSSswcWszSStqMEVyNk5xZzJFUHBQU05qYkRnUy8KYkI2STZCTWE1VlR5bElvRnp6SEpLRjJ5cGtJaS9qdzhqaFJVWTNaTjdJMlBlYXNobklaQ0FTTlNWWmMvY25IRQpBdHVUNVVibXFYQ21BUkxnT0JKUDdGeGNKcnh6dnQ4Y2hja3gwbkJUdnV6QnNSaXlVVW10OXNEdzMyVlduNnZyCkxOSzRvdVdVMmR3Q2Q1RHZYVm5qSDloc29iTVluMEVycEM1ZlUrUllHTEFyNXJuS1ZqbjdIeFplcUxqUjY2RlIKV2lCUDMvV2xwdGdqNHd4SmRQUmd1N1pnM3NKTUttaStGMTdHTEpyT0wxbTE5NE5BamVRUGlKeVJnUT09Ci0tLS0tRU5EIENFUlRJRklDQVRFLS0tLS0K\n    server: https://cd49fbb7-23f2-4f97-ab5b-d3e92e321272.k8s.ondigitalocean.com\n  name: do-nyc1-k8s\ncontexts:\n- context:\n    cluster: do-nyc1-k8s\n    user: do-nyc1-k8s-admin\n  name: do-nyc1-k8s\ncurrent-context: do-nyc1-k8s\nusers:\n- name: do-nyc1-k8s-admin\n  user:\n    token: dop_v1_bf0d3387f03b5b98f5e09ab413c7eba6dccba68f1c14e189fdba05d69fda0269\n",
                "token": "dop_v1_bf0d3387f03b5b98f5e09ab413c7eba6dccba68f1c14e189fdba05d69fda0269"
              }
            ],
            "maintenance_policy": [
              {
                "day": "any",
                "duration": "4h0m0s",
                "start_time": "7:00"
              }
            ],
            "name": "k8s",
            "node_pool": [
              {
                "actual_node_count": 2,
                "auto_scale": false,
                "id": "ed3bfb23-2f97-46d9-8986-e11f4de53bbf",
                "labels": {},
                "max_nodes": 0,
                "min_nodes": 0,
                "name": "padrao",
                "node_count": 2,
                "nodes": [
                  {
                    "created_at": "2023-04-16 14:32:50 +0000 UTC",
                    "droplet_id": "350981865",
                    "id": "0d94ba68-3606-4587-b2bf-3a4f7b49f701",
                    "name": "padrao-fnrgu",
                    "status": "running",
                    "updated_at": "2023-04-16 14:34:14 +0000 UTC"
                  },
                  {
                    "created_at": "2023-04-16 14:32:50 +0000 UTC",
                    "droplet_id": "350981864",
                    "id": "44f8f00d-7590-4a4c-a859-a809e4409899",
                    "name": "padrao-fnrgc",
                    "status": "running",
                    "updated_at": "2023-04-16 14:34:14 +0000 UTC"
                  }
                ],
                "size": "s-2vcpu-2gb",
                "tags": [],
                "taint": []
              }
            ],
            "region": "nyc1",
            "service_subnet": "10.245.0.0/16",
            "status": "running",
            "surge_upgrade": true,
            "tags": [],
            "timeouts": null,
            "updated_at": "2023-04-16 14:37:31 +0000 UTC",
            "urn": "do:kubernetes:cd49fbb7-23f2-4f97-ab5b-d3e92e321272",
            "version": "1.26.3-do.0",
            "vpc_uuid": "17ba630f-0282-4c82-a995-e6b43816b729"
          },
          "sensitive_attributes": [],
          "private": "eyJlMmJmYjczMC1lY2FhLTExZTYtOGY4OC0zNDM2M2JjN2M0YzAiOnsiY3JlYXRlIjoxODAwMDAwMDAwMDAwfSwic2NoZW1hX3ZlcnNpb24iOiIzIn0="
        }
      ]
    },
    {
      "mode": "managed",
      "type": "local_file",
      "name": "foo",
      "provider": "provider[\"registry.terraform.io/hashicorp/local\"]",
      "instances": [
        {
          "schema_version": 0,
          "attributes": {
            "content": "digitalocean_kubernetes_cluster.k8s.kube_config.0.raw_config",
            "content_base64": null,
            "content_base64sha256": "GPWKh/JLVQSJikWcYjCjzIaupW5t2ZwQvtm4UgSRtl8=",
            "content_base64sha512": "o0LlQqVLz1H29sQGrmeBS6ZvQArSboIdY62AfxS58bCqKxIwY3AXyG4upmSTXJ7uwmBRkHIjriKnrWsfJgQ9WQ==",
            "content_md5": "6a5dc0295e630d0ce388cc84ae074afb",
            "content_sha1": "07b3787bec48171d564558e469bee1efc2373c04",
            "content_sha256": "18f58a87f24b5504898a459c6230a3cc86aea56e6dd99c10bed9b8520491b65f",
            "content_sha512": "a342e542a54bcf51f6f6c406ae67814ba66f400ad26e821d63ad807f14b9f1b0aa2b1230637017c86e2ea664935c9eeec26051907223ae22a7ad6b1f26043d59",
            "directory_permission": "0777",
            "file_permission": "0777",
            "filename": "kube_config.yaml",
            "id": "07b3787bec48171d564558e469bee1efc2373c04",
            "sensitive_content": null,
            "source": null
          },
          "sensitive_attributes": []
        }
      ]
    }
  ],
  "check_results": null
}
